
Microsoft Visual Studio Solution File, Format Version 12.00
# Visual Studio Version 16
VisualStudioVersion = 16.0.30523.141
MinimumVisualStudioVersion = 10.0.40219.1
Project("{FAE04EC0-301F-11D3-BF4B-00C04F79EFBC}") = "EventKeyDawn", "EventKeyDawn\EventKeyDawn.csproj", "{22D26ABF-EDBC-479E-8745-C4D2DF00D846}"
EndProject
Global
	GlobalSection(SolutionConfigurationPlatforms) = preSolution
		Debug|Any CPU = Debug|Any CPU
		Release|Any CPU = Release|Any CPU
	EndGlobalSection
	GlobalSection(ProjectConfigurationPlatforms) = postSolution
		{22D26ABF-EDBC-479E-8745-C4D2DF00D846}.Debug|Any CPU.ActiveCfg = Debug|Any CPU
		{22D26ABF-EDBC-479E-8745-C4D2DF00D846}.Debug|Any CPU.Build.0 = Debug|Any CPU
		{22D26ABF-EDBC-479E-8745-C4D2DF00D846}.Release|Any CPU.ActiveCfg = Release|Any CPU
		{22D26ABF-EDBC-479E-8745-C4D2DF00D846}.Release|Any CPU.Build.0 = Release|Any CPU
	EndGlobalSection
	GlobalSection(SolutionProperties) = preSolution
		HideSolutionNode = FALSE
	EndGlobalSection
	GlobalSection(ExtensibilityGlobals) = postSolution
		SolutionGuid = {FD1007D6-A2E6-4E95-938E-975103F7E4C2}
	EndGlobalSection
EndGlobal
